
Microsoft Visual Studio Solution File, Format Version 12.00
# Visual Studio 15
VisualStudioVersion = 15.0.28307.1062
MinimumVisualStudioVersion = 10.0.40219.1
Project("{FAE04EC0-301F-11D3-BF4B-00C04F79EFBC}") = "SampleMVC5WebApplication", "SampleMVC5WebApplication\SampleMVC5WebApplication.csproj", "{BAB1D10D-4343-4D6F-ACE9-9A7AD27FDB91}"
EndProject
Project("{FAE04EC0-301F-11D3-BF4B-00C04F79EFBC}") = "SampleMVC5WebApplication.Tests", "SampleMVC5WebApplication.Tests\SampleMVC5WebApplication.Tests.csproj", "{BEDAFF64-3CCE-4C3D-BE7B-6BDF27916762}"
EndProject
Global
	GlobalSection(SolutionConfigurationPlatforms) = preSolution
		Debug|Any CPU = Debug|Any CPU
		Release|Any CPU = Release|Any CPU
	EndGlobalSection
	GlobalSection(ProjectConfigurationPlatforms) = postSolution
		{BAB1D10D-4343-4D6F-ACE9-9A7AD27FDB91}.Debug|Any CPU.ActiveCfg = Debug|Any CPU
		{BAB1D10D-4343-4D6F-ACE9-9A7AD27FDB91}.Debug|Any CPU.Build.0 = Debug|Any CPU
		{BAB1D10D-4343-4D6F-ACE9-9A7AD27FDB91}.Release|Any CPU.ActiveCfg = Release|Any CPU
		{BAB1D10D-4343-4D6F-ACE9-9A7AD27FDB91}.Release|Any CPU.Build.0 = Release|Any CPU
		{BEDAFF64-3CCE-4C3D-BE7B-6BDF27916762}.Debug|Any CPU.ActiveCfg = Debug|Any CPU
		{BEDAFF64-3CCE-4C3D-BE7B-6BDF27916762}.Debug|Any CPU.Build.0 = Debug|Any CPU
		{BEDAFF64-3CCE-4C3D-BE7B-6BDF27916762}.Release|Any CPU.ActiveCfg = Release|Any CPU
		{BEDAFF64-3CCE-4C3D-BE7B-6BDF27916762}.Release|Any CPU.Build.0 = Release|Any CPU
	EndGlobalSection
	GlobalSection(SolutionProperties) = preSolution
		HideSolutionNode = FALSE
	EndGlobalSection
	GlobalSection(ExtensibilityGlobals) = postSolution
		SolutionGuid = {0676D237-73FF-45FC-8460-9E17481809B9}
	EndGlobalSection
EndGlobal
